Microsoft Visual Studio Solution File, Format Version 12.00
# Visual Studio Version 17
VisualStudioVersion = 17.5.2.0
MinimumVisualStudioVersion = 10.0.40219.1
Project("{FAE04EC0-301F-11D3-BF4B-00C04F79EFBC}") = "UnifiedScheduler", "UnifiedScheduler.csproj", "{FAB5B4FA-AA88-034C-88B7-F8A5CB4AD837}"
EndProject
Global
	GlobalSection(SolutionConfigurationPlatforms) = preSolution
		Debug|Any CPU = Debug|Any CPU
		Release|Any CPU = Release|Any CPU
	EndGlobalSection
	GlobalSection(ProjectConfigurationPlatforms) = postSolution
		{FAB5B4FA-AA88-034C-88B7-F8A5CB4AD837}.Debug|Any CPU.ActiveCfg = Debug|Any CPU
		{FAB5B4FA-AA88-034C-88B7-F8A5CB4AD837}.Debug|Any CPU.Build.0 = Debug|Any CPU
		{FAB5B4FA-AA88-034C-88B7-F8A5CB4AD837}.Release|Any CPU.ActiveCfg = Release|Any CPU
		{FAB5B4FA-AA88-034C-88B7-F8A5CB4AD837}.Release|Any CPU.Build.0 = Release|Any CPU
	EndGlobalSection
	GlobalSection(SolutionProperties) = preSolution
		HideSolutionNode = FALSE
	EndGlobalSection
	GlobalSection(ExtensibilityGlobals) = postSolution
		SolutionGuid = {A3D44FF7-F58C-439B-A419-B1D7247BAA7A}
	EndGlobalSection
EndGlobal
